Microsoft Visual Studio Solution File, Format Version 11.00
# Visual Studio 2008

Project("{B84A7FAB-EBC8-40C7-E5D0-E8289047A5CD}") = "BitEggTest", "Assembly-CSharp-firstpass.csproj", "{FFCD03E0-D923-0729-A772-AE36272DBB35}"
EndProject
Project("{B84A7FAB-EBC8-40C7-E5D0-E8289047A5CD}") = "BitEggTest", "Assembly-CSharp.csproj", "{0B7E78C5-AC2C-D1F5-FCD0-E34FECC39CD6}"
EndProject
Project("{B84A7FAB-EBC8-40C7-E5D0-E8289047A5CD}") = "BitEggTest", "Assembly-CSharp-Editor.csproj", "{DE84B3E8-299E-BE8E-203D-423D174E8BD9}"
EndProject
Global
	GlobalSection(SolutionConfigurationPlatforms) = preSolution
		Debug|Any CPU = Debug|Any CPU
		Release|Any CPU = Release|Any CPU
	EndGlobalSection
	GlobalSection(ProjectConfigurationPlatforms) = postSolution
		{FFCD03E0-D923-0729-A772-AE36272DBB35}.Debug|Any CPU.ActiveCfg = Debug|Any CPU
		{FFCD03E0-D923-0729-A772-AE36272DBB35}.Debug|Any CPU.Build.0 = Debug|Any CPU
		{FFCD03E0-D923-0729-A772-AE36272DBB35}.Release|Any CPU.ActiveCfg = Release|Any CPU
		{FFCD03E0-D923-0729-A772-AE36272DBB35}.Release|Any CPU.Build.0 = Release|Any CPU
		{0B7E78C5-AC2C-D1F5-FCD0-E34FECC39CD6}.Debug|Any CPU.ActiveCfg = Debug|Any CPU
		{0B7E78C5-AC2C-D1F5-FCD0-E34FECC39CD6}.Debug|Any CPU.Build.0 = Debug|Any CPU
		{0B7E78C5-AC2C-D1F5-FCD0-E34FECC39CD6}.Release|Any CPU.ActiveCfg = Release|Any CPU
		{0B7E78C5-AC2C-D1F5-FCD0-E34FECC39CD6}.Release|Any CPU.Build.0 = Release|Any CPU
		{DE84B3E8-299E-BE8E-203D-423D174E8BD9}.Debug|Any CPU.ActiveCfg = Debug|Any CPU
		{DE84B3E8-299E-BE8E-203D-423D174E8BD9}.Debug|Any CPU.Build.0 = Debug|Any CPU
		{DE84B3E8-299E-BE8E-203D-423D174E8BD9}.Release|Any CPU.ActiveCfg = Release|Any CPU
		{DE84B3E8-299E-BE8E-203D-423D174E8BD9}.Release|Any CPU.Build.0 = Release|Any CPU
	EndGlobalSection
	GlobalSection(SolutionProperties) = preSolution
		HideSolutionNode = FALSE
	EndGlobalSection
	GlobalSection(MonoDevelopProperties) = preSolution
		StartupItem = Assembly-CSharp.csproj
	EndGlobalSection
EndGlobal
